
Microsoft Visual Studio Solution File, Format Version 12.00
# Visual Studio Version 17
VisualStudioVersion = 17.10.35004.147
MinimumVisualStudioVersion = 10.0.40219.1
Project("{FAE04EC0-301F-11D3-BF4B-00C04F79EFBC}") = "ToDoListProject", "ToDoListProject.csproj", "{F7FE5BC0-D77E-49BA-BEDC-4467834B6369}"
EndProject
Global
	GlobalSection(SolutionConfigurationPlatforms) = preSolution
		Debug|Any CPU = Debug|Any CPU
		Release|Any CPU = Release|Any CPU
	EndGlobalSection
	GlobalSection(ProjectConfigurationPlatforms) = postSolution
		{F7FE5BC0-D77E-49BA-BEDC-4467834B6369}.Debug|Any CPU.ActiveCfg = Debug|Any CPU
		{F7FE5BC0-D77E-49BA-BEDC-4467834B6369}.Debug|Any CPU.Build.0 = Debug|Any CPU
		{F7FE5BC0-D77E-49BA-BEDC-4467834B6369}.Release|Any CPU.ActiveCfg = Release|Any CPU
		{F7FE5BC0-D77E-49BA-BEDC-4467834B6369}.Release|Any CPU.Build.0 = Release|Any CPU
	EndGlobalSection
	GlobalSection(SolutionProperties) = preSolution
		HideSolutionNode = FALSE
	EndGlobalSection
	GlobalSection(ExtensibilityGlobals) = postSolution
		SolutionGuid = {878EC4F5-2F40-4BE9-A598-3CDBE828A48C}
	EndGlobalSection
EndGlobal
